
Microsoft Visual Studio Solution File, Format Version 12.00
# Visual Studio Version 16
VisualStudioVersion = 16.0.29009.5
MinimumVisualStudioVersion = 10.0.40219.1
Project("{FAE04EC0-301F-11D3-BF4B-00C04F79EFBC}") = "Xamarin.Nordic.DFU.iOS.Bindings", "Xamarin.Nordic.DFU.iOS.Bindings\Xamarin.Nordic.DFU.iOS.Bindings.csproj", "{3E1D3404-C8BB-47FE-A9AC-E76C5E0BD9C1}"
EndProject
Global
	GlobalSection(SolutionConfigurationPlatforms) = preSolution
		Debug|Any CPU = Debug|Any CPU
		Debug|iPhone = Debug|iPhone
		Debug|iPhoneSimulator = Debug|iPhoneSimulator
		Release|Any CPU = Release|Any CPU
		Release|iPhone = Release|iPhone
		Release|iPhoneSimulator = Release|iPhoneSimulator
	EndGlobalSection
	GlobalSection(ProjectConfigurationPlatforms) = postSolution
		{3E1D3404-C8BB-47FE-A9AC-E76C5E0BD9C1}.Debug|Any CPU.ActiveCfg = Debug|Any CPU
		{3E1D3404-C8BB-47FE-A9AC-E76C5E0BD9C1}.Debug|Any CPU.Build.0 = Debug|Any CPU
		{3E1D3404-C8BB-47FE-A9AC-E76C5E0BD9C1}.Debug|iPhone.ActiveCfg = Debug|iPhone
		{3E1D3404-C8BB-47FE-A9AC-E76C5E0BD9C1}.Debug|iPhone.Build.0 = Debug|iPhone
		{3E1D3404-C8BB-47FE-A9AC-E76C5E0BD9C1}.Debug|iPhoneSimulator.ActiveCfg = Debug|iPhoneSimulator
		{3E1D3404-C8BB-47FE-A9AC-E76C5E0BD9C1}.Debug|iPhoneSimulator.Build.0 = Debug|iPhoneSimulator
		{3E1D3404-C8BB-47FE-A9AC-E76C5E0BD9C1}.Release|Any CPU.ActiveCfg = Release|Any CPU
		{3E1D3404-C8BB-47FE-A9AC-E76C5E0BD9C1}.Release|Any CPU.Build.0 = Release|Any CPU
		{3E1D3404-C8BB-47FE-A9AC-E76C5E0BD9C1}.Release|iPhone.ActiveCfg = Release|iPhone
		{3E1D3404-C8BB-47FE-A9AC-E76C5E0BD9C1}.Release|iPhone.Build.0 = Release|iPhone
		{3E1D3404-C8BB-47FE-A9AC-E76C5E0BD9C1}.Release|iPhoneSimulator.ActiveCfg = Release|iPhoneSimulator
		{3E1D3404-C8BB-47FE-A9AC-E76C5E0BD9C1}.Release|iPhoneSimulator.Build.0 = Release|iPhoneSimulator
	EndGlobalSection
	GlobalSection(SolutionProperties) = preSolution
		HideSolutionNode = FALSE
	EndGlobalSection
	GlobalSection(ExtensibilityGlobals) = postSolution
		SolutionGuid = {337BD924-DD8E-4F12-AB07-44D73B7BF1D3}
	EndGlobalSection
EndGlobal
